
Microsoft Visual Studio Solution File, Format Version 12.00
# Visual Studio 14
VisualStudioVersion = 14.0.24720.0
MinimumVisualStudioVersion = 10.0.40219.1
Project("{2150E333-8FDC-42A3-9474-1A3956D46DE8}") = "test", "test", "{02BD1DCC-E3C7-4454-9AEA-3C8F8F5490E9}"
EndProject
Project("{8BC9CEB8-8B4A-11D0-8D11-00A0C91BC942}") = "libsimple", "test\SimpleLib\SimpleLib.vcxproj", "{F74AB154-8448-4263-BC24-2B6F12C70542}"
EndProject
Project("{FAE04EC0-301F-11D3-BF4B-00C04F79EFBC}") = "SimpleLibSharp", "test\SimpleLibSharp\SimpleLibSharp.csproj", "{0D5DC330-D185-4B49-9BFB-E38492B4B48D}"
EndProject
Project("{FAE04EC0-301F-11D3-BF4B-00C04F79EFBC}") = "SimpleLibSharp.Test", "test\SimpleLibSharp.Test\SimpleLibSharp.Test.csproj", "{47B6BA45-721C-47DC-85C1-17CEACEDD3D9}"
EndProject
Project("{2150E333-8FDC-42A3-9474-1A3956D46DE8}") = "src", "src", "{4ECBF54D-BE7E-45C6-8CA9-4173A6761DF7}"
EndProject
Project("{FAE04EC0-301F-11D3-BF4B-00C04F79EFBC}") = "CtpNet", "src\CtpNet\CtpNet.csproj", "{3A7F5620-A8A3-4DE7-B5E6-28DD9B70F9C2}"
EndProject
Project("{FAE04EC0-301F-11D3-BF4B-00C04F79EFBC}") = "CtpNetGen", "src\CtpNetGen\CtpNetGen.csproj", "{7A929B59-BD79-4808-A5D4-8113582C144B}"
EndProject
Project("{FAE04EC0-301F-11D3-BF4B-00C04F79EFBC}") = "CtpNet.Test", "test\CtpNet.Test\CtpNet.Test.csproj", "{48F3BA1B-616C-479D-9791-969C73B725DC}"
EndProject
Global
	GlobalSection(SolutionConfigurationPlatforms) = preSolution
		Debug|Any CPU = Debug|Any CPU
		Debug|x64 = Debug|x64
		Debug|x86 = Debug|x86
		Release|Any CPU = Release|Any CPU
		Release|x64 = Release|x64
		Release|x86 = Release|x86
	EndGlobalSection
	GlobalSection(ProjectConfigurationPlatforms) = postSolution
		{F74AB154-8448-4263-BC24-2B6F12C70542}.Debug|Any CPU.ActiveCfg = Debug|Win32
		{F74AB154-8448-4263-BC24-2B6F12C70542}.Debug|x64.ActiveCfg = Debug|x64
		{F74AB154-8448-4263-BC24-2B6F12C70542}.Debug|x64.Build.0 = Debug|x64
		{F74AB154-8448-4263-BC24-2B6F12C70542}.Debug|x86.ActiveCfg = Debug|Win32
		{F74AB154-8448-4263-BC24-2B6F12C70542}.Debug|x86.Build.0 = Debug|Win32
		{F74AB154-8448-4263-BC24-2B6F12C70542}.Release|Any CPU.ActiveCfg = Release|Win32
		{F74AB154-8448-4263-BC24-2B6F12C70542}.Release|x64.ActiveCfg = Release|x64
		{F74AB154-8448-4263-BC24-2B6F12C70542}.Release|x64.Build.0 = Release|x64
		{F74AB154-8448-4263-BC24-2B6F12C70542}.Release|x86.ActiveCfg = Release|Win32
		{F74AB154-8448-4263-BC24-2B6F12C70542}.Release|x86.Build.0 = Release|Win32
		{0D5DC330-D185-4B49-9BFB-E38492B4B48D}.Debug|Any CPU.ActiveCfg = Debug|Any CPU
		{0D5DC330-D185-4B49-9BFB-E38492B4B48D}.Debug|Any CPU.Build.0 = Debug|Any CPU
		{0D5DC330-D185-4B49-9BFB-E38492B4B48D}.Debug|x64.ActiveCfg = Debug|Any CPU
		{0D5DC330-D185-4B49-9BFB-E38492B4B48D}.Debug|x64.Build.0 = Debug|Any CPU
		{0D5DC330-D185-4B49-9BFB-E38492B4B48D}.Debug|x86.ActiveCfg = Debug|Any CPU
		{0D5DC330-D185-4B49-9BFB-E38492B4B48D}.Debug|x86.Build.0 = Debug|Any CPU
		{0D5DC330-D185-4B49-9BFB-E38492B4B48D}.Release|Any CPU.ActiveCfg = Release|Any CPU
		{0D5DC330-D185-4B49-9BFB-E38492B4B48D}.Release|Any CPU.Build.0 = Release|Any CPU
		{0D5DC330-D185-4B49-9BFB-E38492B4B48D}.Release|x64.ActiveCfg = Release|Any CPU
		{0D5DC330-D185-4B49-9BFB-E38492B4B48D}.Release|x64.Build.0 = Release|Any CPU
		{0D5DC330-D185-4B49-9BFB-E38492B4B48D}.Release|x86.ActiveCfg = Release|Any CPU
		{0D5DC330-D185-4B49-9BFB-E38492B4B48D}.Release|x86.Build.0 = Release|Any CPU
		{47B6BA45-721C-47DC-85C1-17CEACEDD3D9}.Debug|Any CPU.ActiveCfg = Debug|Any CPU
		{47B6BA45-721C-47DC-85C1-17CEACEDD3D9}.Debug|Any CPU.Build.0 = Debug|Any CPU
		{47B6BA45-721C-47DC-85C1-17CEACEDD3D9}.Debug|x64.ActiveCfg = Debug|Any CPU
		{47B6BA45-721C-47DC-85C1-17CEACEDD3D9}.Debug|x64.Build.0 = Debug|Any CPU
		{47B6BA45-721C-47DC-85C1-17CEACEDD3D9}.Debug|x86.ActiveCfg = Debug|Any CPU
		{47B6BA45-721C-47DC-85C1-17CEACEDD3D9}.Debug|x86.Build.0 = Debug|Any CPU
		{47B6BA45-721C-47DC-85C1-17CEACEDD3D9}.Release|Any CPU.ActiveCfg = Release|Any CPU
		{47B6BA45-721C-47DC-85C1-17CEACEDD3D9}.Release|Any CPU.Build.0 = Release|Any CPU
		{47B6BA45-721C-47DC-85C1-17CEACEDD3D9}.Release|x64.ActiveCfg = Release|Any CPU
		{47B6BA45-721C-47DC-85C1-17CEACEDD3D9}.Release|x64.Build.0 = Release|Any CPU
		{47B6BA45-721C-47DC-85C1-17CEACEDD3D9}.Release|x86.ActiveCfg = Release|Any CPU
		{47B6BA45-721C-47DC-85C1-17CEACEDD3D9}.Release|x86.Build.0 = Release|Any CPU
		{3A7F5620-A8A3-4DE7-B5E6-28DD9B70F9C2}.Debug|Any CPU.ActiveCfg = Debug|Any CPU
		{3A7F5620-A8A3-4DE7-B5E6-28DD9B70F9C2}.Debug|Any CPU.Build.0 = Debug|Any CPU
		{3A7F5620-A8A3-4DE7-B5E6-28DD9B70F9C2}.Debug|x64.ActiveCfg = Debug|Any CPU
		{3A7F5620-A8A3-4DE7-B5E6-28DD9B70F9C2}.Debug|x64.Build.0 = Debug|Any CPU
		{3A7F5620-A8A3-4DE7-B5E6-28DD9B70F9C2}.Debug|x86.ActiveCfg = Debug|Any CPU
		{3A7F5620-A8A3-4DE7-B5E6-28DD9B70F9C2}.Debug|x86.Build.0 = Debug|Any CPU
		{3A7F5620-A8A3-4DE7-B5E6-28DD9B70F9C2}.Release|Any CPU.ActiveCfg = Release|Any CPU
		{3A7F5620-A8A3-4DE7-B5E6-28DD9B70F9C2}.Release|Any CPU.Build.0 = Release|Any CPU
		{3A7F5620-A8A3-4DE7-B5E6-28DD9B70F9C2}.Release|x64.ActiveCfg = Release|Any CPU
		{3A7F5620-A8A3-4DE7-B5E6-28DD9B70F9C2}.Release|x64.Build.0 = Release|Any CPU
		{3A7F5620-A8A3-4DE7-B5E6-28DD9B70F9C2}.Release|x86.ActiveCfg = Release|Any CPU
		{3A7F5620-A8A3-4DE7-B5E6-28DD9B70F9C2}.Release|x86.Build.0 = Release|Any CPU
		{7A929B59-BD79-4808-A5D4-8113582C144B}.Debug|Any CPU.ActiveCfg = Debug|Any CPU
		{7A929B59-BD79-4808-A5D4-8113582C144B}.Debug|Any CPU.Build.0 = Debug|Any CPU
		{7A929B59-BD79-4808-A5D4-8113582C144B}.Debug|x64.ActiveCfg = Debug|Any CPU
		{7A929B59-BD79-4808-A5D4-8113582C144B}.Debug|x64.Build.0 = Debug|Any CPU
		{7A929B59-BD79-4808-A5D4-8113582C144B}.Debug|x86.ActiveCfg = Debug|Any CPU
		{7A929B59-BD79-4808-A5D4-8113582C144B}.Debug|x86.Build.0 = Debug|Any CPU
		{7A929B59-BD79-4808-A5D4-8113582C144B}.Release|Any CPU.ActiveCfg = Release|Any CPU
		{7A929B59-BD79-4808-A5D4-8113582C144B}.Release|Any CPU.Build.0 = Release|Any CPU
		{7A929B59-BD79-4808-A5D4-8113582C144B}.Release|x64.ActiveCfg = Release|Any CPU
		{7A929B59-BD79-4808-A5D4-8113582C144B}.Release|x64.Build.0 = Release|Any CPU
		{7A929B59-BD79-4808-A5D4-8113582C144B}.Release|x86.ActiveCfg = Release|Any CPU
		{7A929B59-BD79-4808-A5D4-8113582C144B}.Release|x86.Build.0 = Release|Any CPU
		{48F3BA1B-616C-479D-9791-969C73B725DC}.Debug|Any CPU.ActiveCfg = Debug|Any CPU
		{48F3BA1B-616C-479D-9791-969C73B725DC}.Debug|Any CPU.Build.0 = Debug|Any CPU
		{48F3BA1B-616C-479D-9791-969C73B725DC}.Debug|x64.ActiveCfg = Debug|Any CPU
		{48F3BA1B-616C-479D-9791-969C73B725DC}.Debug|x64.Build.0 = Debug|Any CPU
		{48F3BA1B-616C-479D-9791-969C73B725DC}.Debug|x86.ActiveCfg = Debug|Any CPU
		{48F3BA1B-616C-479D-9791-969C73B725DC}.Debug|x86.Build.0 = Debug|Any CPU
		{48F3BA1B-616C-479D-9791-969C73B725DC}.Release|Any CPU.ActiveCfg = Release|Any CPU
		{48F3BA1B-616C-479D-9791-969C73B725DC}.Release|Any CPU.Build.0 = Release|Any CPU
		{48F3BA1B-616C-479D-9791-969C73B725DC}.Release|x64.ActiveCfg = Release|Any CPU
		{48F3BA1B-616C-479D-9791-969C73B725DC}.Release|x64.Build.0 = Release|Any CPU
		{48F3BA1B-616C-479D-9791-969C73B725DC}.Release|x86.ActiveCfg = Release|Any CPU
		{48F3BA1B-616C-479D-9791-969C73B725DC}.Release|x86.Build.0 = Release|Any CPU
	EndGlobalSection
	GlobalSection(SolutionProperties) = preSolution
		HideSolutionNode = FALSE
	EndGlobalSection
	GlobalSection(NestedProjects) = preSolution
		{F74AB154-8448-4263-BC24-2B6F12C70542} = {02BD1DCC-E3C7-4454-9AEA-3C8F8F5490E9}
		{0D5DC330-D185-4B49-9BFB-E38492B4B48D} = {02BD1DCC-E3C7-4454-9AEA-3C8F8F5490E9}
		{47B6BA45-721C-47DC-85C1-17CEACEDD3D9} = {02BD1DCC-E3C7-4454-9AEA-3C8F8F5490E9}
		{3A7F5620-A8A3-4DE7-B5E6-28DD9B70F9C2} = {4ECBF54D-BE7E-45C6-8CA9-4173A6761DF7}
		{7A929B59-BD79-4808-A5D4-8113582C144B} = {4ECBF54D-BE7E-45C6-8CA9-4173A6761DF7}
		{48F3BA1B-616C-479D-9791-969C73B725DC} = {02BD1DCC-E3C7-4454-9AEA-3C8F8F5490E9}
	EndGlobalSection
EndGlobal
